
Microsoft Visual Studio Solution File, Format Version 12.00
Project("{FAE04EC0-301F-11D3-BF4B-00C04F79EFBC}") = "MobileNotify.WebApi", "MobileNotify.WebApi\MobileNotify.WebApi.csproj", "{D975016B-DC5B-4606-B5AF-1FC146D7EC60}"
EndProject
Global
	GlobalSection(SolutionConfigurationPlatforms) = preSolution
		Debug|Any CPU = Debug|Any CPU
		Release|Any CPU = Release|Any CPU
	EndGlobalSection
	GlobalSection(ProjectConfigurationPlatforms) = postSolution
		{D975016B-DC5B-4606-B5AF-1FC146D7EC60}.Debug|Any CPU.ActiveCfg = Debug|Any CPU
		{D975016B-DC5B-4606-B5AF-1FC146D7EC60}.Debug|Any CPU.Build.0 = Debug|Any CPU
		{D975016B-DC5B-4606-B5AF-1FC146D7EC60}.Release|Any CPU.ActiveCfg = Release|Any CPU
		{D975016B-DC5B-4606-B5AF-1FC146D7EC60}.Release|Any CPU.Build.0 = Release|Any CPU
	EndGlobalSection
EndGlobal
